// !$*UTF8*$!
{
	archiveVersion = 1;
	classes = {
	};
	objectVersion = 46;
	objects = {

/* Begin PBXBuildFile section */
		5290C78D1DF250AB00BE3F72 /* PomodoroTimer.swift in Sources */ = {isa = PBXBuildFile; fileRef = 5290C78C1DF250AB00BE3F72 /* PomodoroTimer.swift */; };
		5290C7F31DF275BD00BE3F72 /* circle-0.png in Resources */ = {isa = PBXBuildFile; fileRef = 5290C78E1DF275BD00BE3F72 /* circle-0.png */; };
		5290C7F41DF275BD00BE3F72 /* circle-1.png in Resources */ = {isa = PBXBuildFile; fileRef = 5290C78F1DF275BD00BE3F72 /* circle-1.png */; };
		5290C7F51DF275BD00BE3F72 /* circle-2.png in Resources */ = {isa = PBXBuildFile; fileRef = 5290C7901DF275BD00BE3F72 /* circle-2.png */; };
		5290C7F61DF275BD00BE3F72 /* circle-3.png in Resources */ = {isa = PBXBuildFile; fileRef = 5290C7911DF275BD00BE3F72 /* circle-3.png */; };
		5290C7F71DF275BD00BE3F72 /* circle-4.png in Resources */ = {isa = PBXBuildFile; fileRef = 5290C7921DF275BD00BE3F72 /* circle-4.png */; };
		5290C7F81DF275BD00BE3F72 /* circle-5.png in Resources */ = {isa = PBXBuildFile; fileRef = 5290C7931DF275BD00BE3F72 /* circle-5.png */; };
		5290C7F91DF275BD00BE3F72 /* circle-6.png in Resources */ = {isa = PBXBuildFile; fileRef = 5290C7941DF275BD00BE3F72 /* circle-6.png */; };
		5290C7FA1DF275BD00BE3F72 /* circle-7.png in Resources */ = {isa = PBXBuildFile; fileRef = 5290C7951DF275BD00BE3F72 /* circle-7.png */; };
		5290C7FB1DF275BD00BE3F72 /* circle-8.png in Resources */ = {isa = PBXBuildFile; fileRef = 5290C7961DF275BD00BE3F72 /* circle-8.png */; };
		5290C7FC1DF275BD00BE3F72 /* circle-9.png in Resources */ = {isa = PBXBuildFile; fileRef = 5290C7971DF275BD00BE3F72 /* circle-9.png */; };
		5290C7FD1DF275BD00BE3F72 /* circle-10.png in Resources */ = {isa = PBXBuildFile; fileRef = 5290C7981DF275BD00BE3F72 /* circle-10.png */; };
		5290C7FE1DF275BD00BE3F72 /* circle-11.png in Resources */ = {isa = PBXBuildFile; fileRef = 5290C7991DF275BD00BE3F72 /* circle-11.png */; };
		5290C7FF1DF275BD00BE3F72 /* circle-12.png in Resources */ = {isa = PBXBuildFile; fileRef = 5290C79A1DF275BD00BE3F72 /* circle-12.png */; };
		5290C8001DF275BD00BE3F72 /* circle-13.png in Resources */ = {isa = PBXBuildFile; fileRef = 5290C79B1DF275BD00BE3F72 /* circle-13.png */; };
		5290C8011DF275BD00BE3F72 /* circle-14.png in Resources */ = {isa = PBXBuildFile; fileRef = 5290C79C1DF275BD00BE3F72 /* circle-14.png */; };
		5290C8021DF275BD00BE3F72 /* circle-15.png in Resources */ = {isa = PBXBuildFile; fileRef = 5290C79D1DF275BD00BE3F72 /* circle-15.png */; };
		5290C8031DF275BD00BE3F72 /* circle-16.png in Resources */ = {isa = PBXBuildFile; fileRef = 5290C79E1DF275BD00BE3F72 /* circle-16.png */; };
		5290C8041DF275BD00BE3F72 /* circle-17.png in Resources */ = {isa = PBXBuildFile; fileRef = 5290C79F1DF275BD00BE3F72 /* circle-17.png */; };
		5290C8051DF275BD00BE3F72 /* circle-18.png in Resources */ = {isa = PBXBuildFile; fileRef = 5290C7A01DF275BD00BE3F72 /* circle-18.png */; };
		5290C8061DF275BD00BE3F72 /* circle-19.png in Resources */ = {isa = PBXBuildFile; fileRef = 5290C7A11DF275BD00BE3F72 /* circle-19.png */; };
		5290C8071DF275BD00BE3F72 /* circle-20.png in Resources */ = {isa = PBXBuildFile; fileRef = 5290C7A21DF275BD00BE3F72 /* circle-20.png */; };
		5290C8081DF275BD00BE3F72 /* circle-21.png in Resources */ = {isa = PBXBuildFile; fileRef = 5290C7A31DF275BD00BE3F72 /* circle-21.png */; };
		5290C8091DF275BD00BE3F72 /* circle-22.png in Resources */ = {isa = PBXBuildFile; fileRef = 5290C7A41DF275BD00BE3F72 /* circle-22.png */; };
		5290C80A1DF275BD00BE3F72 /* circle-23.png in Resources */ = {isa = PBXBuildFile; fileRef = 5290C7A51DF275BD00BE3F72 /* circle-23.png */; };
		5290C80B1DF275BD00BE3F72 /* circle-24.png in Resources */ = {isa = PBXBuildFile; fileRef = 5290C7A61DF275BD00BE3F72 /* circle-24.png */; };
		5290C80C1DF275BD00BE3F72 /* circle-25.png in Resources */ = {isa = PBXBuildFile; fileRef = 5290C7A71DF275BD00BE3F72 /* circle-25.png */; };
		5290C80D1DF275BD00BE3F72 /* circle-26.png in Resources */ = {isa = PBXBuildFile; fileRef = 5290C7A81DF275BD00BE3F72 /* circle-26.png */; };
		5290C80E1DF275BD00BE3F72 /* circle-27.png in Resources */ = {isa = PBXBuildFile; fileRef = 5290C7A91DF275BD00BE3F72 /* circle-27.png */; };
		5290C80F1DF275BD00BE3F72 /* circle-28.png in Resources */ = {isa = PBXBuildFile; fileRef = 5290C7AA1DF275BD00BE3F72 /* circle-28.png */; };
		5290C8101DF275BD00BE3F72 /* circle-29.png in Resources */ = {isa = PBXBuildFile; fileRef = 5290C7AB1DF275BD00BE3F72 /* circle-29.png */; };
		5290C8111DF275BD00BE3F72 /* circle-30.png in Resources */ = {isa = PBXBuildFile; fileRef = 5290C7AC1DF275BD00BE3F72 /* circle-30.png */; };
		5290C8121DF275BD00BE3F72 /* circle-31.png in Resources */ = {isa = PBXBuildFile; fileRef = 5290C7AD1DF275BD00BE3F72 /* circle-31.png */; };
		5290C8131DF275BD00BE3F72 /* circle-32.png in Resources */ = {isa = PBXBuildFile; fileRef = 5290C7AE1DF275BD00BE3F72 /* circle-32.png */; };
		5290C8141DF275BD00BE3F72 /* circle-33.png in Resources */ = {isa = PBXBuildFile; fileRef = 5290C7AF1DF275BD00BE3F72 /* circle-33.png */; };
		5290C8151DF275BD00BE3F72 /* circle-34.png in Resources */ = {isa = PBXBuildFile; fileRef = 5290C7B01DF275BD00BE3F72 /* circle-34.png */; };
		5290C8161DF275BD00BE3F72 /* circle-35.png in Resources */ = {isa = PBXBuildFile; fileRef = 5290C7B11DF275BD00BE3F72 /* circle-35.png */; };
		5290C8171DF275BD00BE3F72 /* circle-36.png in Resources */ = {isa = PBXBuildFile; fileRef = 5290C7B21DF275BD00BE3F72 /* circle-36.png */; };
		5290C8181DF275BD00BE3F72 /* circle-37.png in Resources */ = {isa = PBXBuildFile; fileRef = 5290C7B31DF275BD00BE3F72 /* circle-37.png */; };
		5290C8191DF275BD00BE3F72 /* circle-38.png in Resources */ = {isa = PBXBuildFile; fileRef = 5290C7B41DF275BD00BE3F72 /* circle-38.png */; };
		5290C81A1DF275BD00BE3F72 /* circle-39.png in Resources */ = {isa = PBXBuildFile; fileRef = 5290C7B51DF275BD00BE3F72 /* circle-39.png */; };
		5290C81B1DF275BD00BE3F72 /* circle-40.png in Resources */ = {isa = PBXBuildFile; fileRef = 5290C7B61DF275BD00BE3F72 /* circle-40.png */; };
		5290C81C1DF275BD00BE3F72 /* circle-41.png in Resources */ = {isa = PBXBuildFile; fileRef = 5290C7B71DF275BD00BE3F72 /* circle-41.png */; };
		5290C81D1DF275BD00BE3F72 /* circle-42.png in Resources */ = {isa = PBXBuildFile; fileRef = 5290C7B81DF275BD00BE3F72 /* circle-42.png */; };
		5290C81E1DF275BD00BE3F72 /* circle-43.png in Resources */ = {isa = PBXBuildFile; fileRef = 5290C7B91DF275BD00BE3F72 /* circle-43.png */; };
		5290C81F1DF275BD00BE3F72 /* circle-44.png in Resources */ = {isa = PBXBuildFile; fileRef = 5290C7BA1DF275BD00BE3F72 /* circle-44.png */; };
		5290C8201DF275BD00BE3F72 /* circle-45.png in Resources */ = {isa = PBXBuildFile; fileRef = 5290C7BB1DF275BD00BE3F72 /* circle-45.png */; };
		5290C8211DF275BD00BE3F72 /* circle-46.png in Resources */ = {isa = PBXBuildFile; fileRef = 5290C7BC1DF275BD00BE3F72 /* circle-46.png */; };
		5290C8221DF275BD00BE3F72 /* circle-47.png in Resources */ = {isa = PBXBuildFile; fileRef = 5290C7BD1DF275BD00BE3F72 /* circle-47.png */; };
		5290C8231DF275BD00BE3F72 /* circle-48.png in Resources */ = {isa = PBXBuildFile; fileRef = 5290C7BE1DF275BD00BE3F72 /* circle-48.png */; };
		5290C8241DF275BD00BE3F72 /* circle-49.png in Resources */ = {isa = PBXBuildFile; fileRef = 5290C7BF1DF275BD00BE3F72 /* circle-49.png */; };
		5290C8251DF275BD00BE3F72 /* circle-50.png in Resources */ = {isa = PBXBuildFile; fileRef = 5290C7C01DF275BD00BE3F72 /* circle-50.png */; };
		5290C8261DF275BD00BE3F72 /* circle-51.png in Resources */ = {isa = PBXBuildFile; fileRef = 5290C7C11DF275BD00BE3F72 /* circle-51.png */; };
		5290C8271DF275BD00BE3F72 /* circle-52.png in Resources */ = {isa = PBXBuildFile; fileRef = 5290C7C21DF275BD00BE3F72 /* circle-52.png */; };
		5290C8281DF275BD00BE3F72 /* circle-53.png in Resources */ = {isa = PBXBuildFile; fileRef = 5290C7C31DF275BD00BE3F72 /* circle-53.png */; };
		5290C8291DF275BD00BE3F72 /* circle-54.png in Resources */ = {isa = PBXBuildFile; fileRef = 5290C7C41DF275BD00BE3F72 /* circle-54.png */; };
		5290C82A1DF275BD00BE3F72 /* circle-55.png in Resources */ = {isa = PBXBuildFile; fileRef = 5290C7C51DF275BD00BE3F72 /* circle-55.png */; };
		5290C82B1DF275BD00BE3F72 /* circle-56.png in Resources */ = {isa = PBXBuildFile; fileRef = 5290C7C61DF275BD00BE3F72 /* circle-56.png */; };
		5290C82C1DF275BD00BE3F72 /* circle-57.png in Resources */ = {isa = PBXBuildFile; fileRef = 5290C7C71DF275BD00BE3F72 /* circle-57.png */; };
		5290C82D1DF275BD00BE3F72 /* circle-58.png in Resources */ = {isa = PBXBuildFile; fileRef = 5290C7C81DF275BD00BE3F72 /* circle-58.png */; };
		5290C82E1DF275BD00BE3F72 /* circle-59.png in Resources */ = {isa = PBXBuildFile; fileRef = 5290C7C91DF275BD00BE3F72 /* circle-59.png */; };
		5290C82F1DF275BD00BE3F72 /* circle-60.png in Resources */ = {isa = PBXBuildFile; fileRef = 5290C7CA1DF275BD00BE3F72 /* circle-60.png */; };
		5290C8301DF275BD00BE3F72 /* circle-61.png in Resources */ = {isa = PBXBuildFile; fileRef = 5290C7CB1DF275BD00BE3F72 /* circle-61.png */; };
		5290C8311DF275BD00BE3F72 /* circle-62.png in Resources */ = {isa = PBXBuildFile; fileRef = 5290C7CC1DF275BD00BE3F72 /* circle-62.png */; };
		5290C8321DF275BD00BE3F72 /* circle-63.png in Resources */ = {isa = PBXBuildFile; fileRef = 5290C7CD1DF275BD00BE3F72 /* circle-63.png */; };
		5290C8331DF275BD00BE3F72 /* circle-64.png in Resources */ = {isa = PBXBuildFile; fileRef = 5290C7CE1DF275BD00BE3F72 /* circle-64.png */; };
		5290C8341DF275BD00BE3F72 /* circle-65.png in Resources */ = {isa = PBXBuildFile; fileRef = 5290C7CF1DF275BD00BE3F72 /* circle-65.png */; };
		5290C8351DF275BD00BE3F72 /* circle-66.png in Resources */ = {isa = PBXBuildFile; fileRef = 5290C7D01DF275BD00BE3F72 /* circle-66.png */; };
		5290C8361DF275BD00BE3F72 /* circle-67.png in Resources */ = {isa = PBXBuildFile; fileRef = 5290C7D11DF275BD00BE3F72 /* circle-67.png */; };
		5290C8371DF275BD00BE3F72 /* circle-68.png in Resources */ = {isa = PBXBuildFile; fileRef = 5290C7D21DF275BD00BE3F72 /* circle-68.png */; };
		5290C8381DF275BD00BE3F72 /* circle-69.png in Resources */ = {isa = PBXBuildFile; fileRef = 5290C7D31DF275BD00BE3F72 /* circle-69.png */; };
		5290C8391DF275BD00BE3F72 /* circle-70.png in Resources */ = {isa = PBXBuildFile; fileRef = 5290C7D41DF275BD00BE3F72 /* circle-70.png */; };
		5290C83A1DF275BD00BE3F72 /* circle-71.png in Resources */ = {isa = PBXBuildFile; fileRef = 5290C7D51DF275BD00BE3F72 /* circle-71.png */; };
		5290C83B1DF275BD00BE3F72 /* circle-72.png in Resources */ = {isa = PBXBuildFile; fileRef = 5290C7D61DF275BD00BE3F72 /* circle-72.png */; };
		5290C83C1DF275BD00BE3F72 /* circle-73.png in Resources */ = {isa = PBXBuildFile; fileRef = 5290C7D71DF275BD00BE3F72 /* circle-73.png */; };
		5290C83D1DF275BD00BE3F72 /* circle-74.png in Resources */ = {isa = PBXBuildFile; fileRef = 5290C7D81DF275BD00BE3F72 /* circle-74.png */; };
		5290C83E1DF275BD00BE3F72 /* circle-75.png in Resources */ = {isa = PBXBuildFile; fileRef = 5290C7D91DF275BD00BE3F72 /* circle-75.png */; };
		5290C83F1DF275BD00BE3F72 /* circle-76.png in Resources */ = {isa = PBXBuildFile; fileRef = 5290C7DA1DF275BD00BE3F72 /* circle-76.png */; };
		5290C8401DF275BD00BE3F72 /* circle-77.png in Resources */ = {isa = PBXBuildFile; fileRef = 5290C7DB1DF275BD00BE3F72 /* circle-77.png */; };
		5290C8411DF275BD00BE3F72 /* circle-78.png in Resources */ = {isa = PBXBuildFile; fileRef = 5290C7DC1DF275BD00BE3F72 /* circle-78.png */; };
		5290C8421DF275BD00BE3F72 /* circle-79.png in Resources */ = {isa = PBXBuildFile; fileRef = 5290C7DD1DF275BD00BE3F72 /* circle-79.png */; };
		5290C8431DF275BD00BE3F72 /* circle-80.png in Resources */ = {isa = PBXBuildFile; fileRef = 5290C7DE1DF275BD00BE3F72 /* circle-80.png */; };
		5290C8441DF275BD00BE3F72 /* circle-81.png in Resources */ = {isa = PBXBuildFile; fileRef = 5290C7DF1DF275BD00BE3F72 /* circle-81.png */; };
		5290C8451DF275BD00BE3F72 /* circle-82.png in Resources */ = {isa = PBXBuildFile; fileRef = 5290C7E01DF275BD00BE3F72 /* circle-82.png */; };
		5290C8461DF275BD00BE3F72 /* circle-83.png in Resources */ = {isa = PBXBuildFile; fileRef = 5290C7E11DF275BD00BE3F72 /* circle-83.png */; };
		5290C8471DF275BD00BE3F72 /* circle-84.png in Resources */ = {isa = PBXBuildFile; fileRef = 5290C7E21DF275BD00BE3F72 /* circle-84.png */; };
		5290C8481DF275BD00BE3F72 /* circle-85.png in Resources */ = {isa = PBXBuildFile; fileRef = 5290C7E31DF275BD00BE3F72 /* circle-85.png */; };
		5290C8491DF275BD00BE3F72 /* circle-86.png in Resources */ = {isa = PBXBuildFile; fileRef = 5290C7E41DF275BD00BE3F72 /* circle-86.png */; };
		5290C84A1DF275BD00BE3F72 /* circle-87.png in Resources */ = {isa = PBXBuildFile; fileRef = 5290C7E51DF275BD00BE3F72 /* circle-87.png */; };
		5290C84B1DF275BD00BE3F72 /* circle-88.png in Resources */ = {isa = PBXBuildFile; fileRef = 5290C7E61DF275BD00BE3F72 /* circle-88.png */; };
		5290C84C1DF275BD00BE3F72 /* circle-89.png in Resources */ = {isa = PBXBuildFile; fileRef = 5290C7E71DF275BD00BE3F72 /* circle-89.png */; };
		5290C84D1DF275BD00BE3F72 /* circle-90.png in Resources */ = {isa = PBXBuildFile; fileRef = 5290C7E81DF275BD00BE3F72 /* circle-90.png */; };
		5290C84E1DF275BD00BE3F72 /* circle-91.png in Resources */ = {isa = PBXBuildFile; fileRef = 5290C7E91DF275BD00BE3F72 /* circle-91.png */; };
		5290C84F1DF275BD00BE3F72 /* circle-92.png in Resources */ = {isa = PBXBuildFile; fileRef = 5290C7EA1DF275BD00BE3F72 /* circle-92.png */; };
		5290C8501DF275BD00BE3F72 /* circle-93.png in Resources */ = {isa = PBXBuildFile; fileRef = 5290C7EB1DF275BD00BE3F72 /* circle-93.png */; };
		5290C8511DF275BD00BE3F72 /* circle-94.png in Resources */ = {isa = PBXBuildFile; fileRef = 5290C7EC1DF275BD00BE3F72 /* circle-94.png */; };
		5290C8521DF275BD00BE3F72 /* circle-95.png in Resources */ = {isa = PBXBuildFile; fileRef = 5290C7ED1DF275BD00BE3F72 /* circle-95.png */; };
		5290C8531DF275BD00BE3F72 /* circle-96.png in Resources */ = {isa = PBXBuildFile; fileRef = 5290C7EE1DF275BD00BE3F72 /* circle-96.png */; };
		5290C8541DF275BD00BE3F72 /* circle-97.png in Resources */ = {isa = PBXBuildFile; fileRef = 5290C7EF1DF275BD00BE3F72 /* circle-97.png */; };
		5290C8551DF275BD00BE3F72 /* circle-98.png in Resources */ = {isa = PBXBuildFile; fileRef = 5290C7F01DF275BD00BE3F72 /* circle-98.png */; };
		5290C8561DF275BD00BE3F72 /* circle-99.png in Resources */ = {isa = PBXBuildFile; fileRef = 5290C7F11DF275BD00BE3F72 /* circle-99.png */; };
		5290C8571DF275BD00BE3F72 /* circle-100.png in Resources */ = {isa = PBXBuildFile; fileRef = 5290C7F21DF275BD00BE3F72 /* circle-100.png */; };
		5290C85B1DF2DCD900BE3F72 /* PomodoroInterfaceGroup.swift in Sources */ = {isa = PBXBuildFile; fileRef = 5290C85A1DF2DCD900BE3F72 /* PomodoroInterfaceGroup.swift */; };
		52C2B47A1DECD142001089AE /* AppDelegate.swift in Sources */ = {isa = PBXBuildFile; fileRef = 52C2B4791DECD142001089AE /* AppDelegate.swift */; };
		52C2B47C1DECD142001089AE /* ViewController.swift in Sources */ = {isa = PBXBuildFile; fileRef = 52C2B47B1DECD142001089AE /* ViewController.swift */; };
		52C2B47F1DECD142001089AE /* Main.storyboard in Resources */ = {isa = PBXBuildFile; fileRef = 52C2B47D1DECD142001089AE /* Main.storyboard */; };
		52C2B4811DECD142001089AE /* Assets.xcassets in Resources */ = {isa = PBXBuildFile; fileRef = 52C2B4801DECD142001089AE /* Assets.xcassets */; };
		52C2B4841DECD142001089AE /* LaunchScreen.storyboard in Resources */ = {isa = PBXBuildFile; fileRef = 52C2B4821DECD142001089AE /* LaunchScreen.storyboard */; };
		52C2B48F1DECD142001089AE /* pomodoroTests.swift in Sources */ = {isa = PBXBuildFile; fileRef = 52C2B48E1DECD142001089AE /* pomodoroTests.swift */; };
		52C2B49A1DECD142001089AE /* pomodoroUITests.swift in Sources */ = {isa = PBXBuildFile; fileRef = 52C2B4991DECD142001089AE /* pomodoroUITests.swift */; };
		52C2B49F1DECD142001089AE /* pomodoro WatchKit App.app in Embed Watch Content */ = {isa = PBXBuildFile; fileRef = 52C2B49E1DECD142001089AE /* pomodoro WatchKit App.app */; };
		52C2B4A51DECD142001089AE /* Interface.storyboard in Resources */ = {isa = PBXBuildFile; fileRef = 52C2B4A31DECD142001089AE /* Interface.storyboard */; };
		52C2B4A71DECD142001089AE /* Assets.xcassets in Resources */ = {isa = PBXBuildFile; fileRef = 52C2B4A61DECD142001089AE /* Assets.xcassets */; };
		52C2B4AE1DECD143001089AE /* pomodoro WatchKit Extension.appex in Embed App Extensions */ = {isa = PBXBuildFile; fileRef = 52C2B4AD1DECD143001089AE /* pomodoro WatchKit Extension.appex */; settings = {ATTRIBUTES = (RemoveHeadersOnCopy, ); }; };
		52C2B4B51DECD143001089AE /* PomodoroController.swift in Sources */ = {isa = PBXBuildFile; fileRef = 52C2B4B41DECD143001089AE /* PomodoroController.swift */; };
		52C2B4B71DECD143001089AE /* ExtensionDelegate.swift in Sources */ = {isa = PBXBuildFile; fileRef = 52C2B4B61DECD143001089AE /* ExtensionDelegate.swift */; };
		52C2B4B91DECD143001089AE /* NotificationController.swift in Sources */ = {isa = PBXBuildFile; fileRef = 52C2B4B81DECD143001089AE /* NotificationController.swift */; };
		52C2B4BB1DECD143001089AE /* Assets.xcassets in Resources */ = {isa = PBXBuildFile; fileRef = 52C2B4BA1DECD143001089AE /* Assets.xcassets */; };
/* End PBXBuildFile section */

/* Begin PBXContainerItemProxy section */
		52C2B48B1DECD142001089AE /* PBXContainerItemProxy */ = {
			isa = PBXContainerItemProxy;
			containerPortal = 52C2B46E1DECD142001089AE /* Project object */;
			proxyType = 1;
			remoteGlobalIDString = 52C2B4751DECD142001089AE;
			remoteInfo = pomodoro;
		};
		52C2B4961DECD142001089AE /* PBXContainerItemProxy */ = {
			isa = PBXContainerItemProxy;
			containerPortal = 52C2B46E1DECD142001089AE /* Project object */;
			proxyType = 1;
			remoteGlobalIDString = 52C2B4751DECD142001089AE;
			remoteInfo = pomodoro;
		};
		52C2B4A01DECD142001089AE /* PBXContainerItemProxy */ = {
			isa = PBXContainerItemProxy;
			containerPortal = 52C2B46E1DECD142001089AE /* Project object */;
			proxyType = 1;
			remoteGlobalIDString = 52C2B49D1DECD142001089AE;
			remoteInfo = "pomodoro WatchKit App";
		};
		52C2B4AF1DECD143001089AE /* PBXContainerItemProxy */ = {
			isa = PBXContainerItemProxy;
			containerPortal = 52C2B46E1DECD142001089AE /* Project object */;
			proxyType = 1;
			remoteGlobalIDString = 52C2B4AC1DECD143001089AE;
			remoteInfo = "pomodoro WatchKit Extension";
		};
/* End PBXContainerItemProxy section */

/* Begin PBXCopyFilesBuildPhase section */
		52C2B4C21DECD143001089AE /* Embed App Extensions */ = {
			isa = PBXCopyFilesBuildPhase;
			buildActionMask = 2147483647;
			dstPath = "";
			dstSubfolderSpec = 13;
			files = (
				52C2B4AE1DECD143001089AE /* pomodoro WatchKit Extension.appex in Embed App Extensions */,
			);
			name = "Embed App Extensions";
			runOnlyForDeploymentPostprocessing = 0;
		};
		52C2B4C61DECD143001089AE /* Embed Watch Content */ = {
			isa = PBXCopyFilesBuildPhase;
			buildActionMask = 2147483647;
			dstPath = "$(CONTENTS_FOLDER_PATH)/Watch";
			dstSubfolderSpec = 16;
			files = (
				52C2B49F1DECD142001089AE /* pomodoro WatchKit App.app in Embed Watch Content */,
			);
			name = "Embed Watch Content";
			runOnlyForDeploymentPostprocessing = 0;
		};
/* End PBXCopyFilesBuildPhase section */

/* Begin PBXFileReference section */
		5290C78C1DF250AB00BE3F72 /* PomodoroTimer.swift */ = {isa = PBXFileReference; fileEncoding = 4; lastKnownFileType = sourcecode.swift; path = PomodoroTimer.swift; sourceTree = "<group>"; };
		5290C78E1DF275BD00BE3F72 /* circle-0.png */ = {isa = PBXFileReference; lastKnownFileType = image.png; path = "circle-0.png"; sourceTree = "<group>"; };
		5290C78F1DF275BD00BE3F72 /* circle-1.png */ = {isa = PBXFileReference; lastKnownFileType = image.png; path = "circle-1.png"; sourceTree = "<group>"; };
		5290C7901DF275BD00BE3F72 /* circle-2.png */ = {isa = PBXFileReference; lastKnownFileType = image.png; path = "circle-2.png"; sourceTree = "<group>"; };
		5290C7911DF275BD00BE3F72 /* circle-3.png */ = {isa = PBXFileReference; lastKnownFileType = image.png; path = "circle-3.png"; sourceTree = "<group>"; };
		5290C7921DF275BD00BE3F72 /* circle-4.png */ = {isa = PBXFileReference; lastKnownFileType = image.png; path = "circle-4.png"; sourceTree = "<group>"; };
		5290C7931DF275BD00BE3F72 /* circle-5.png */ = {isa = PBXFileReference; lastKnownFileType = image.png; path = "circle-5.png"; sourceTree = "<group>"; };
		5290C7941DF275BD00BE3F72 /* circle-6.png */ = {isa = PBXFileReference; lastKnownFileType = image.png; path = "circle-6.png"; sourceTree = "<group>"; };
		5290C7951DF275BD00BE3F72 /* circle-7.png */ = {isa = PBXFileReference; lastKnownFileType = image.png; path = "circle-7.png"; sourceTree = "<group>"; };
		5290C7961DF275BD00BE3F72 /* circle-8.png */ = {isa = PBXFileReference; lastKnownFileType = image.png; path = "circle-8.png"; sourceTree = "<group>"; };
		5290C7971DF275BD00BE3F72 /* circle-9.png */ = {isa = PBXFileReference; lastKnownFileType = image.png; path = "circle-9.png"; sourceTree = "<group>"; };
		5290C7981DF275BD00BE3F72 /* circle-10.png */ = {isa = PBXFileReference; lastKnownFileType = image.png; path = "circle-10.png"; sourceTree = "<group>"; };
		5290C7991DF275BD00BE3F72 /* circle-11.png */ = {isa = PBXFileReference; lastKnownFileType = image.png; path = "circle-11.png"; sourceTree = "<group>"; };
		5290C79A1DF275BD00BE3F72 /* circle-12.png */ = {isa = PBXFileReference; lastKnownFileType = image.png; path = "circle-12.png"; sourceTree = "<group>"; };
		5290C79B1DF275BD00BE3F72 /* circle-13.png */ = {isa = PBXFileReference; lastKnownFileType = image.png; path = "circle-13.png"; sourceTree = "<group>"; };
		5290C79C1DF275BD00BE3F72 /* circle-14.png */ = {isa = PBXFileReference; lastKnownFileType = image.png; path = "circle-14.png"; sourceTree = "<group>"; };
		5290C79D1DF275BD00BE3F72 /* circle-15.png */ = {isa = PBXFileReference; lastKnownFileType = image.png; path = "circle-15.png"; sourceTree = "<group>"; };
		5290C79E1DF275BD00BE3F72 /* circle-16.png */ = {isa = PBXFileReference; lastKnownFileType = image.png; path = "circle-16.png"; sourceTree = "<group>"; };
		5290C79F1DF275BD00BE3F72 /* circle-17.png */ = {isa = PBXFileReference; lastKnownFileType = image.png; path = "circle-17.png"; sourceTree = "<group>"; };
		5290C7A01DF275BD00BE3F72 /* circle-18.png */ = {isa = PBXFileReference; lastKnownFileType = image.png; path = "circle-18.png"; sourceTree = "<group>"; };
		5290C7A11DF275BD00BE3F72 /* circle-19.png */ = {isa = PBXFileReference; lastKnownFileType = image.png; path = "circle-19.png"; sourceTree = "<group>"; };
		5290C7A21DF275BD00BE3F72 /* circle-20.png */ = {isa = PBXFileReference; lastKnownFileType = image.png; path = "circle-20.png"; sourceTree = "<group>"; };
		5290C7A31DF275BD00BE3F72 /* circle-21.png */ = {isa = PBXFileReference; lastKnownFileType = image.png; path = "circle-21.png"; sourceTree = "<group>"; };
		5290C7A41DF275BD00BE3F72 /* circle-22.png */ = {isa = PBXFileReference; lastKnownFileType = image.png; path = "circle-22.png"; sourceTree = "<group>"; };
		5290C7A51DF275BD00BE3F72 /* circle-23.png */ = {isa = PBXFileReference; lastKnownFileType = image.png; path = "circle-23.png"; sourceTree = "<group>"; };
		5290C7A61DF275BD00BE3F72 /* circle-24.png */ = {isa = PBXFileReference; lastKnownFileType = image.png; path = "circle-24.png"; sourceTree = "<group>"; };
		5290C7A71DF275BD00BE3F72 /* circle-25.png */ = {isa = PBXFileReference; lastKnownFileType = image.png; path = "circle-25.png"; sourceTree = "<group>"; };
		5290C7A81DF275BD00BE3F72 /* circle-26.png */ = {isa = PBXFileReference; lastKnownFileType = image.png; path = "circle-26.png"; sourceTree = "<group>"; };
		5290C7A91DF275BD00BE3F72 /* circle-27.png */ = {isa = PBXFileReference; lastKnownFileType = image.png; path = "circle-27.png"; sourceTree = "<group>"; };
		5290C7AA1DF275BD00BE3F72 /* circle-28.png */ = {isa = PBXFileReference; lastKnownFileType = image.png; path = "circle-28.png"; sourceTree = "<group>"; };
		5290C7AB1DF275BD00BE3F72 /* circle-29.png */ = {isa = PBXFileReference; lastKnownFileType = image.png; path = "circle-29.png"; sourceTree = "<group>"; };
		5290C7AC1DF275BD00BE3F72 /* circle-30.png */ = {isa = PBXFileReference; lastKnownFileType = image.png; path = "circle-30.png"; sourceTree = "<group>"; };
		5290C7AD1DF275BD00BE3F72 /* circle-31.png */ = {isa = PBXFileReference; lastKnownFileType = image.png; path = "circle-31.png"; sourceTree = "<group>"; };
		5290C7AE1DF275BD00BE3F72 /* circle-32.png */ = {isa = PBXFileReference; lastKnownFileType = image.png; path = "circle-32.png"; sourceTree = "<group>"; };
		5290C7AF1DF275BD00BE3F72 /* circle-33.png */ = {isa = PBXFileReference; lastKnownFileType = image.png; path = "circle-33.png"; sourceTree = "<group>"; };
		5290C7B01DF275BD00BE3F72 /* circle-34.png */ = {isa = PBXFileReference; lastKnownFileType = image.png; path = "circle-34.png"; sourceTree = "<group>"; };
		5290C7B11DF275BD00BE3F72 /* circle-35.png */ = {isa = PBXFileReference; lastKnownFileType = image.png; path = "circle-35.png"; sourceTree = "<group>"; };
		5290C7B21DF275BD00BE3F72 /* circle-36.png */ = {isa = PBXFileReference; lastKnownFileType = image.png; path = "circle-36.png"; sourceTree = "<group>"; };
		5290C7B31DF275BD00BE3F72 /* circle-37.png */ = {isa = PBXFileReference; lastKnownFileType = image.png; path = "circle-37.png"; sourceTree = "<group>"; };
		5290C7B41DF275BD00BE3F72 /* circle-38.png */ = {isa = PBXFileReference; lastKnownFileType = image.png; path = "circle-38.png"; sourceTree = "<group>"; };
		5290C7B51DF275BD00BE3F72 /* circle-39.png */ = {isa = PBXFileReference; lastKnownFileType = image.png; path = "circle-39.png"; sourceTree = "<group>"; };
		5290C7B61DF275BD00BE3F72 /* circle-40.png */ = {isa = PBXFileReference; lastKnownFileType = image.png; path = "circle-40.png"; sourceTree = "<group>"; };
		5290C7B71DF275BD00BE3F72 /* circle-41.png */ = {isa = PBXFileReference; lastKnownFileType = image.png; path = "circle-41.png"; sourceTree = "<group>"; };
		5290C7B81DF275BD00BE3F72 /* circle-42.png */ = {isa = PBXFileReference; lastKnownFileType = image.png; path = "circle-42.png"; sourceTree = "<group>"; };
		5290C7B91DF275BD00BE3F72 /* circle-43.png */ = {isa = PBXFileReference; lastKnownFileType = image.png; path = "circle-43.png"; sourceTree = "<group>"; };
		5290C7BA1DF275BD00BE3F72 /* circle-44.png */ = {isa = PBXFileReference; lastKnownFileType = image.png; path = "circle-44.png"; sourceTree = "<group>"; };
		5290C7BB1DF275BD00BE3F72 /* circle-45.png */ = {isa = PBXFileReference; lastKnownFileType = image.png; path = "circle-45.png"; sourceTree = "<group>"; };
		5290C7BC1DF275BD00BE3F72 /* circle-46.png */ = {isa = PBXFileReference; lastKnownFileType = image.png; path = "circle-46.png"; sourceTree = "<group>"; };
		5290C7BD1DF275BD00BE3F72 /* circle-47.png */ = {isa = PBXFileReference; lastKnownFileType = image.png; path = "circle-47.png"; sourceTree = "<group>"; };
		5290C7BE1DF275BD00BE3F72 /* circle-48.png */ = {isa = PBXFileReference; lastKnownFileType = image.png; path = "circle-48.png"; sourceTree = "<group>"; };
		5290C7BF1DF275BD00BE3F72 /* circle-49.png */ = {isa = PBXFileReference; lastKnownFileType = image.png; path = "circle-49.png"; sourceTree = "<group>"; };
		5290C7C01DF275BD00BE3F72 /* circle-50.png */ = {isa = PBXFileReference; lastKnownFileType = image.png; path = "circle-50.png"; sourceTree = "<group>"; };
		5290C7C11DF275BD00BE3F72 /* circle-51.png */ = {isa = PBXFileReference; lastKnownFileType = image.png; path = "circle-51.png"; sourceTree = "<group>"; };
		5290C7C21DF275BD00BE3F72 /* circle-52.png */ = {isa = PBXFileReference; lastKnownFileType = image.png; path = "circle-52.png"; sourceTree = "<group>"; };
		5290C7C31DF275BD00BE3F72 /* circle-53.png */ = {isa = PBXFileReference; lastKnownFileType = image.png; path = "circle-53.png"; sourceTree = "<group>"; };
		5290C7C41DF275BD00BE3F72 /* circle-54.png */ = {isa = PBXFileReference; lastKnownFileType = image.png; path = "circle-54.png"; sourceTree = "<group>"; };
		5290C7C51DF275BD00BE3F72 /* circle-55.png */ = {isa = PBXFileReference; lastKnownFileType = image.png; path = "circle-55.png"; sourceTree = "<group>"; };
		5290C7C61DF275BD00BE3F72 /* circle-56.png */ = {isa = PBXFileReference; lastKnownFileType = image.png; path = "circle-56.png"; sourceTree = "<group>"; };
		5290C7C71DF275BD00BE3F72 /* circle-57.png */ = {isa = PBXFileReference; lastKnownFileType = image.png; path = "circle-57.png"; sourceTree = "<group>"; };
		5290C7C81DF275BD00BE3F72 /* circle-58.png */ = {isa = PBXFileReference; lastKnownFileType = image.png; path = "circle-58.png"; sourceTree = "<group>"; };
		5290C7C91DF275BD00BE3F72 /* circle-59.png */ = {isa = PBXFileReference; lastKnownFileType = image.png; path = "circle-59.png"; sourceTree = "<group>"; };
		5290C7CA1DF275BD00BE3F72 /* circle-60.png */ = {isa = PBXFileReference; lastKnownFileType = image.png; path = "circle-60.png"; sourceTree = "<group>"; };
		5290C7CB1DF275BD00BE3F72 /* circle-61.png */ = {isa = PBXFileReference; lastKnownFileType = image.png; path = "circle-61.png"; sourceTree = "<group>"; };
		5290C7CC1DF275BD00BE3F72 /* circle-62.png */ = {isa = PBXFileReference; lastKnownFileType = image.png; path = "circle-62.png"; sourceTree = "<group>"; };
		5290C7CD1DF275BD00BE3F72 /* circle-63.png */ = {isa = PBXFileReference; lastKnownFileType = image.png; path = "circle-63.png"; sourceTree = "<group>"; };
		5290C7CE1DF275BD00BE3F72 /* circle-64.png */ = {isa = PBXFileReference; lastKnownFileType = image.png; path = "circle-64.png"; sourceTree = "<group>"; };
		5290C7CF1DF275BD00BE3F72 /* circle-65.png */ = {isa = PBXFileReference; lastKnownFileType = image.png; path = "circle-65.png"; sourceTree = "<group>"; };
		5290C7D01DF275BD00BE3F72 /* circle-66.png */ = {isa = PBXFileReference; lastKnownFileType = image.png; path = "circle-66.png"; sourceTree = "<group>"; };
		5290C7D11DF275BD00BE3F72 /* circle-67.png */ = {isa = PBXFileReference; lastKnownFileType = image.png; path = "circle-67.png"; sourceTree = "<group>"; };
		5290C7D21DF275BD00BE3F72 /* circle-68.png */ = {isa = PBXFileReference; lastKnownFileType = image.png; path = "circle-68.png"; sourceTree = "<group>"; };
		5290C7D31DF275BD00BE3F72 /* circle-69.png */ = {isa = PBXFileReference; lastKnownFileType = image.png; path = "circle-69.png"; sourceTree = "<group>"; };
		5290C7D41DF275BD00BE3F72 /* circle-70.png */ = {isa = PBXFileReference; lastKnownFileType = image.png; path = "circle-70.png"; sourceTree = "<group>"; };
		5290C7D51DF275BD00BE3F72 /* circle-71.png */ = {isa = PBXFileReference; lastKnownFileType = image.png; path = "circle-71.png"; sourceTree = "<group>"; };
		5290C7D61DF275BD00BE3F72 /* circle-72.png */ = {isa = PBXFileReference; lastKnownFileType = image.png; path = "circle-72.png"; sourceTree = "<group>"; };
		5290C7D71DF275BD00BE3F72 /* circle-73.png */ = {isa = PBXFileReference; lastKnownFileType = image.png; path = "circle-73.png"; sourceTree = "<group>"; };
		5290C7D81DF275BD00BE3F72 /* circle-74.png */ = {isa = PBXFileReference; lastKnownFileType = image.png; path = "circle-74.png"; sourceTree = "<group>"; };
		5290C7D91DF275BD00BE3F72 /* circle-75.png */ = {isa = PBXFileReference; lastKnownFileType = image.png; path = "circle-75.png"; sourceTree = "<group>"; };
		5290C7DA1DF275BD00BE3F72 /* circle-76.png */ = {isa = PBXFileReference; lastKnownFileType = image.png; path = "circle-76.png"; sourceTree = "<group>"; };
		5290C7DB1DF275BD00BE3F72 /* circle-77.png */ = {isa = PBXFileReference; lastKnownFileType = image.png; path = "circle-77.png"; sourceTree = "<group>"; };
		5290C7DC1DF275BD00BE3F72 /* circle-78.png */ = {isa = PBXFileReference; lastKnownFileType = image.png; path = "circle-78.png"; sourceTree = "<group>"; };
		5290C7DD1DF275BD00BE3F72 /* circle-79.png */ = {isa = PBXFileReference; lastKnownFileType = image.png; path = "circle-79.png"; sourceTree = "<group>"; };
		5290C7DE1DF275BD00BE3F72 /* circle-80.png */ = {isa = PBXFileReference; lastKnownFileType = image.png; path = "circle-80.png"; sourceTree = "<group>"; };
		5290C7DF1DF275BD00BE3F72 /* circle-81.png */ = {isa = PBXFileReference; lastKnownFileType = image.png; path = "circle-81.png"; sourceTree = "<group>"; };
		5290C7E01DF275BD00BE3F72 /* circle-82.png */ = {isa = PBXFileReference; lastKnownFileType = image.png; path = "circle-82.png"; sourceTree = "<group>"; };
		5290C7E11DF275BD00BE3F72 /* circle-83.png */ = {isa = PBXFileReference; lastKnownFileType = image.png; path = "circle-83.png"; sourceTree = "<group>"; };
		5290C7E21DF275BD00BE3F72 /* circle-84.png */ = {isa = PBXFileReference; lastKnownFileType = image.png; path = "circle-84.png"; sourceTree = "<group>"; };
		5290C7E31DF275BD00BE3F72 /* circle-85.png */ = {isa = PBXFileReference; lastKnownFileType = image.png; path = "circle-85.png"; sourceTree = "<group>"; };
		5290C7E41DF275BD00BE3F72 /* circle-86.png */ = {isa = PBXFileReference; lastKnownFileType = image.png; path = "circle-86.png"; sourceTree = "<group>"; };
		5290C7E51DF275BD00BE3F72 /* circle-87.png */ = {isa = PBXFileReference; lastKnownFileType = image.png; path = "circle-87.png"; sourceTree = "<group>"; };
		5290C7E61DF275BD00BE3F72 /* circle-88.png */ = {isa = PBXFileReference; lastKnownFileType = image.png; path = "circle-88.png"; sourceTree = "<group>"; };
		5290C7E71DF275BD00BE3F72 /* circle-89.png */ = {isa = PBXFileReference; lastKnownFileType = image.png; path = "circle-89.png"; sourceTree = "<group>"; };
		5290C7E81DF275BD00BE3F72 /* circle-90.png */ = {isa = PBXFileReference; lastKnownFileType = image.png; path = "circle-90.png"; sourceTree = "<group>"; };
		5290C7E91DF275BD00BE3F72 /* circle-91.png */ = {isa = PBXFileReference; lastKnownFileType = image.png; path = "circle-91.png"; sourceTree = "<group>"; };
		5290C7EA1DF275BD00BE3F72 /* circle-92.png */ = {isa = PBXFileReference; lastKnownFileType = image.png; path = "circle-92.png"; sourceTree = "<group>"; };
		5290C7EB1DF275BD00BE3F72 /* circle-93.png */ = {isa = PBXFileReference; lastKnownFileType = image.png; path = "circle-93.png"; sourceTree = "<group>"; };
		5290C7EC1DF275BD00BE3F72 /* circle-94.png */ = {isa = PBXFileReference; lastKnownFileType = image.png; path = "circle-94.png"; sourceTree = "<group>"; };
		5290C7ED1DF275BD00BE3F72 /* circle-95.png */ = {isa = PBXFileReference; lastKnownFileType = image.png; path = "circle-95.png"; sourceTree = "<group>"; };
		5290C7EE1DF275BD00BE3F72 /* circle-96.png */ = {isa = PBXFileReference; lastKnownFileType = image.png; path = "circle-96.png"; sourceTree = "<group>"; };
		5290C7EF1DF275BD00BE3F72 /* circle-97.png */ = {isa = PBXFileReference; lastKnownFileType = image.png; path = "circle-97.png"; sourceTree = "<group>"; };
		5290C7F01DF275BD00BE3F72 /* circle-98.png */ = {isa = PBXFileReference; lastKnownFileType = image.png; path = "circle-98.png"; sourceTree = "<group>"; };
		5290C7F11DF275BD00BE3F72 /* circle-99.png */ = {isa = PBXFileReference; lastKnownFileType = image.png; path = "circle-99.png"; sourceTree = "<group>"; };
		5290C7F21DF275BD00BE3F72 /* circle-100.png */ = {isa = PBXFileReference; lastKnownFileType = image.png; path = "circle-100.png"; sourceTree = "<group>"; };
		5290C85A1DF2DCD900BE3F72 /* PomodoroInterfaceGroup.swift */ = {isa = PBXFileReference; fileEncoding = 4; lastKnownFileType = sourcecode.swift; path = PomodoroInterfaceGroup.swift; sourceTree = "<group>"; };
		52C2B4761DECD142001089AE /* pomodoro.app */ = {isa = PBXFileReference; explicitFileType = wrapper.application; includeInIndex = 0; path = pomodoro.app; sourceTree = BUILT_PRODUCTS_DIR; };
		52C2B4791DECD142001089AE /* AppDelegate.swift */ = {isa = PBXFileReference; lastKnownFileType = sourcecode.swift; path = AppDelegate.swift; sourceTree = "<group>"; };
		52C2B47B1DECD142001089AE /* ViewController.swift */ = {isa = PBXFileReference; lastKnownFileType = sourcecode.swift; path = ViewController.swift; sourceTree = "<group>"; };
		52C2B47E1DECD142001089AE /* Base */ = {isa = PBXFileReference; lastKnownFileType = file.storyboard; name = Base; path = Base.lproj/Main.storyboard; sourceTree = "<group>"; };
		52C2B4801DECD142001089AE /* Assets.xcassets */ = {isa = PBXFileReference; lastKnownFileType = folder.assetcatalog; path = Assets.xcassets; sourceTree = "<group>"; };
		52C2B4831DECD142001089AE /* Base */ = {isa = PBXFileReference; lastKnownFileType = file.storyboard; name = Base; path = Base.lproj/LaunchScreen.storyboard; sourceTree = "<group>"; };
		52C2B4851DECD142001089AE /* Info.plist */ = {isa = PBXFileReference; lastKnownFileType = text.plist.xml; path = Info.plist; sourceTree = "<group>"; };
		52C2B48A1DECD142001089AE /* pomodoroTests.xctest */ = {isa = PBXFileReference; explicitFileType = wrapper.cfbundle; includeInIndex = 0; path = pomodoroTests.xctest; sourceTree = BUILT_PRODUCTS_DIR; };
		52C2B48E1DECD142001089AE /* pomodoroTests.swift */ = {isa = PBXFileReference; lastKnownFileType = sourcecode.swift; path = pomodoroTests.swift; sourceTree = "<group>"; };
		52C2B4901DECD142001089AE /* Info.plist */ = {isa = PBXFileReference; lastKnownFileType = text.plist.xml; path = Info.plist; sourceTree = "<group>"; };
		52C2B4951DECD142001089AE /* pomodoroUITests.xctest */ = {isa = PBXFileReference; explicitFileType = wrapper.cfbundle; includeInIndex = 0; path = pomodoroUITests.xctest; sourceTree = BUILT_PRODUCTS_DIR; };
		52C2B4991DECD142001089AE /* pomodoroUITests.swift */ = {isa = PBXFileReference; lastKnownFileType = sourcecode.swift; path = pomodoroUITests.swift; sourceTree = "<group>"; };
		52C2B49B1DECD142001089AE /* Info.plist */ = {isa = PBXFileReference; lastKnownFileType = text.plist.xml; path = Info.plist; sourceTree = "<group>"; };
		52C2B49E1DECD142001089AE /* pomodoro WatchKit App.app */ = {isa = PBXFileReference; explicitFileType = wrapper.application; includeInIndex = 0; path = "pomodoro WatchKit App.app"; sourceTree = BUILT_PRODUCTS_DIR; };
		52C2B4A41DECD142001089AE /* Base */ = {isa = PBXFileReference; lastKnownFileType = file.storyboard; name = Base; path = Base.lproj/Interface.storyboard; sourceTree = "<group>"; };
		52C2B4A61DECD142001089AE /* Assets.xcassets */ = {isa = PBXFileReference; lastKnownFileType = folder.assetcatalog; path = Assets.xcassets; sourceTree = "<group>"; };
		52C2B4A81DECD142001089AE /* Info.plist */ = {isa = PBXFileReference; lastKnownFileType = text.plist.xml; path = Info.plist; sourceTree = "<group>"; };
		52C2B4AD1DECD143001089AE /* pomodoro WatchKit Extension.appex */ = {isa = PBXFileReference; explicitFileType = "wrapper.app-extension"; includeInIndex = 0; path = "pomodoro WatchKit Extension.appex"; sourceTree = BUILT_PRODUCTS_DIR; };
		52C2B4B31DECD143001089AE /* PushNotificationPayload.apns */ = {isa = PBXFileReference; lastKnownFileType = text; path = PushNotificationPayload.apns; sourceTree = "<group>"; };
		52C2B4B41DECD143001089AE /* PomodoroController.swift */ = {isa = PBXFileReference; lastKnownFileType = sourcecode.swift; path = PomodoroController.swift; sourceTree = "<group>"; };
		52C2B4B61DECD143001089AE /* ExtensionDelegate.swift */ = {isa = PBXFileReference; lastKnownFileType = sourcecode.swift; path = ExtensionDelegate.swift; sourceTree = "<group>"; };
		52C2B4B81DECD143001089AE /* NotificationController.swift */ = {isa = PBXFileReference; lastKnownFileType = sourcecode.swift; path = NotificationController.swift; sourceTree = "<group>"; };
		52C2B4BA1DECD143001089AE /* Assets.xcassets */ = {isa = PBXFileReference; lastKnownFileType = folder.assetcatalog; path = Assets.xcassets; sourceTree = "<group>"; };
		52C2B4BC1DECD143001089AE /* Info.plist */ = {isa = PBXFileReference; lastKnownFileType = text.plist.xml; path = Info.plist; sourceTree = "<group>"; };
/* End PBXFileReference section */

/* Begin PBXFrameworksBuildPhase section */
		52C2B4731DECD142001089AE /* Frameworks */ = {
			isa = PBXFrameworksBuildPhase;
			buildActionMask = 2147483647;
			files = (
			);
			runOnlyForDeploymentPostprocessing = 0;
		};
		52C2B4871DECD142001089AE /* Frameworks */ = {
			isa = PBXFrameworksBuildPhase;
			buildActionMask = 2147483647;
			files = (
			);
			runOnlyForDeploymentPostprocessing = 0;
		};
		52C2B4921DECD142001089AE /* Frameworks */ = {
			isa = PBXFrameworksBuildPhase;
			buildActionMask = 2147483647;
			files = (
			);
			runOnlyForDeploymentPostprocessing = 0;
		};
		52C2B4AA1DECD143001089AE /* Frameworks */ = {
			isa = PBXFrameworksBuildPhase;
			buildActionMask = 2147483647;
			files = (
			);
			runOnlyForDeploymentPostprocessing = 0;
		};
/* End PBXFrameworksBuildPhase section */

/* Begin PBXGroup section */
		5202696F1DECE19E000394AA /* PomodoroKit */ = {
			isa = PBXGroup;
			children = (
			);
			name = PomodoroKit;
			path = "pomodoro WatchKit Extension";
			sourceTree = "<group>";
		};
		520269721DEDD3AE000394AA /* arc */ = {
			isa = PBXGroup;
			children = (
				5290C78E1DF275BD00BE3F72 /* circle-0.png */,
				5290C78F1DF275BD00BE3F72 /* circle-1.png */,
				5290C7901DF275BD00BE3F72 /* circle-2.png */,
				5290C7911DF275BD00BE3F72 /* circle-3.png */,
				5290C7921DF275BD00BE3F72 /* circle-4.png */,
				5290C7931DF275BD00BE3F72 /* circle-5.png */,
				5290C7941DF275BD00BE3F72 /* circle-6.png */,
				5290C7951DF275BD00BE3F72 /* circle-7.png */,
				5290C7961DF275BD00BE3F72 /* circle-8.png */,
				5290C7971DF275BD00BE3F72 /* circle-9.png */,
				5290C7981DF275BD00BE3F72 /* circle-10.png */,
				5290C7991DF275BD00BE3F72 /* circle-11.png */,
				5290C79A1DF275BD00BE3F72 /* circle-12.png */,
				5290C79B1DF275BD00BE3F72 /* circle-13.png */,
				5290C79C1DF275BD00BE3F72 /* circle-14.png */,
				5290C79D1DF275BD00BE3F72 /* circle-15.png */,
				5290C79E1DF275BD00BE3F72 /* circle-16.png */,
				5290C79F1DF275BD00BE3F72 /* circle-17.png */,
				5290C7A01DF275BD00BE3F72 /* circle-18.png */,
				5290C7A11DF275BD00BE3F72 /* circle-19.png */,
				5290C7A21DF275BD00BE3F72 /* circle-20.png */,
				5290C7A31DF275BD00BE3F72 /* circle-21.png */,
				5290C7A41DF275BD00BE3F72 /* circle-22.png */,
				5290C7A51DF275BD00BE3F72 /* circle-23.png */,
				5290C7A61DF275BD00BE3F72 /* circle-24.png */,
				5290C7A71DF275BD00BE3F72 /* circle-25.png */,
				5290C7A81DF275BD00BE3F72 /* circle-26.png */,
				5290C7A91DF275BD00BE3F72 /* circle-27.png */,
				5290C7AA1DF275BD00BE3F72 /* circle-28.png */,
				5290C7AB1DF275BD00BE3F72 /* circle-29.png */,
				5290C7AC1DF275BD00BE3F72 /* circle-30.png */,
				5290C7AD1DF275BD00BE3F72 /* circle-31.png */,
				5290C7AE1DF275BD00BE3F72 /* circle-32.png */,
				5290C7AF1DF275BD00BE3F72 /* circle-33.png */,
				5290C7B01DF275BD00BE3F72 /* circle-34.png */,
				5290C7B11DF275BD00BE3F72 /* circle-35.png */,
				5290C7B21DF275BD00BE3F72 /* circle-36.png */,
				5290C7B31DF275BD00BE3F72 /* circle-37.png */,
				5290C7B41DF275BD00BE3F72 /* circle-38.png */,
				5290C7B51DF275BD00BE3F72 /* circle-39.png */,
				5290C7B61DF275BD00BE3F72 /* circle-40.png */,
				5290C7B71DF275BD00BE3F72 /* circle-41.png */,
				5290C7B81DF275BD00BE3F72 /* circle-42.png */,
				5290C7B91DF275BD00BE3F72 /* circle-43.png */,
				5290C7BA1DF275BD00BE3F72 /* circle-44.png */,
				5290C7BB1DF275BD00BE3F72 /* circle-45.png */,
				5290C7BC1DF275BD00BE3F72 /* circle-46.png */,
				5290C7BD1DF275BD00BE3F72 /* circle-47.png */,
				5290C7BE1DF275BD00BE3F72 /* circle-48.png */,
				5290C7BF1DF275BD00BE3F72 /* circle-49.png */,
				5290C7C01DF275BD00BE3F72 /* circle-50.png */,
				5290C7C11DF275BD00BE3F72 /* circle-51.png */,
				5290C7C21DF275BD00BE3F72 /* circle-52.png */,
				5290C7C31DF275BD00BE3F72 /* circle-53.png */,
				5290C7C41DF275BD00BE3F72 /* circle-54.png */,
				5290C7C51DF275BD00BE3F72 /* circle-55.png */,
				5290C7C61DF275BD00BE3F72 /* circle-56.png */,
				5290C7C71DF275BD00BE3F72 /* circle-57.png */,
				5290C7C81DF275BD00BE3F72 /* circle-58.png */,
				5290C7C91DF275BD00BE3F72 /* circle-59.png */,
				5290C7CA1DF275BD00BE3F72 /* circle-60.png */,
				5290C7CB1DF275BD00BE3F72 /* circle-61.png */,
				5290C7CC1DF275BD00BE3F72 /* circle-62.png */,
				5290C7CD1DF275BD00BE3F72 /* circle-63.png */,
				5290C7CE1DF275BD00BE3F72 /* circle-64.png */,
				5290C7CF1DF275BD00BE3F72 /* circle-65.png */,
				5290C7D01DF275BD00BE3F72 /* circle-66.png */,
				5290C7D11DF275BD00BE3F72 /* circle-67.png */,
				5290C7D21DF275BD00BE3F72 /* circle-68.png */,
				5290C7D31DF275BD00BE3F72 /* circle-69.png */,
				5290C7D41DF275BD00BE3F72 /* circle-70.png */,
				5290C7D51DF275BD00BE3F72 /* circle-71.png */,
				5290C7D61DF275BD00BE3F72 /* circle-72.png */,
				5290C7D71DF275BD00BE3F72 /* circle-73.png */,
				5290C7D81DF275BD00BE3F72 /* circle-74.png */,
				5290C7D91DF275BD00BE3F72 /* circle-75.png */,
				5290C7DA1DF275BD00BE3F72 /* circle-76.png */,
				5290C7DB1DF275BD00BE3F72 /* circle-77.png */,
				5290C7DC1DF275BD00BE3F72 /* circle-78.png */,
				5290C7DD1DF275BD00BE3F72 /* circle-79.png */,
				5290C7DE1DF275BD00BE3F72 /* circle-80.png */,
				5290C7DF1DF275BD00BE3F72 /* circle-81.png */,
				5290C7E01DF275BD00BE3F72 /* circle-82.png */,
				5290C7E11DF275BD00BE3F72 /* circle-83.png */,
				5290C7E21DF275BD00BE3F72 /* circle-84.png */,
				5290C7E31DF275BD00BE3F72 /* circle-85.png */,
				5290C7E41DF275BD00BE3F72 /* circle-86.png */,
				5290C7E51DF275BD00BE3F72 /* circle-87.png */,
				5290C7E61DF275BD00BE3F72 /* circle-88.png */,
				5290C7E71DF275BD00BE3F72 /* circle-89.png */,
				5290C7E81DF275BD00BE3F72 /* circle-90.png */,
				5290C7E91DF275BD00BE3F72 /* circle-91.png */,
				5290C7EA1DF275BD00BE3F72 /* circle-92.png */,
				5290C7EB1DF275BD00BE3F72 /* circle-93.png */,
				5290C7EC1DF275BD00BE3F72 /* circle-94.png */,
				5290C7ED1DF275BD00BE3F72 /* circle-95.png */,
				5290C7EE1DF275BD00BE3F72 /* circle-96.png */,
				5290C7EF1DF275BD00BE3F72 /* circle-97.png */,
				5290C7F01DF275BD00BE3F72 /* circle-98.png */,
				5290C7F11DF275BD00BE3F72 /* circle-99.png */,
				5290C7F21DF275BD00BE3F72 /* circle-100.png */,
			);
			name = arc;
			sourceTree = "<group>";
		};
		52C2B46D1DECD142001089AE = {
			isa = PBXGroup;
			children = (
				52C2B4781DECD142001089AE /* pomodoro */,
				52C2B48D1DECD142001089AE /* pomodoroTests */,
				52C2B4981DECD142001089AE /* pomodoroUITests */,
				52C2B4A21DECD142001089AE /* pomodoro WatchKit App */,
				52C2B4B11DECD143001089AE /* pomodoro WatchKit Extension */,
				5202696F1DECE19E000394AA /* PomodoroKit */,
				52C2B4771DECD142001089AE /* Products */,
			);
			sourceTree = "<group>";
		};
		52C2B4771DECD142001089AE /* Products */ = {
			isa = PBXGroup;
			children = (
				52C2B4761DECD142001089AE /* pomodoro.app */,
				52C2B48A1DECD142001089AE /* pomodoroTests.xctest */,
				52C2B4951DECD142001089AE /* pomodoroUITests.xctest */,
				52C2B49E1DECD142001089AE /* pomodoro WatchKit App.app */,
				52C2B4AD1DECD143001089AE /* pomodoro WatchKit Extension.appex */,
			);
			name = Products;
			sourceTree = "<group>";
		};
		52C2B4781DECD142001089AE /* pomodoro */ = {
			isa = PBXGroup;
			children = (
				52C2B4791DECD142001089AE /* AppDelegate.swift */,
				52C2B47B1DECD142001089AE /* ViewController.swift */,
				52C2B47D1DECD142001089AE /* Main.storyboard */,
				52C2B4801DECD142001089AE /* Assets.xcassets */,
				52C2B4821DECD142001089AE /* LaunchScreen.storyboard */,
				52C2B4851DECD142001089AE /* Info.plist */,
			);
			path = pomodoro;
			sourceTree = "<group>";
		};
		52C2B48D1DECD142001089AE /* pomodoroTests */ = {
			isa = PBXGroup;
			children = (
				52C2B48E1DECD142001089AE /* pomodoroTests.swift */,
				52C2B4901DECD142001089AE /* Info.plist */,
			);
			path = pomodoroTests;
			sourceTree = "<group>";
		};
		52C2B4981DECD142001089AE /* pomodoroUITests */ = {
			isa = PBXGroup;
			children = (
				52C2B4991DECD142001089AE /* pomodoroUITests.swift */,
				52C2B49B1DECD142001089AE /* Info.plist */,
			);
			path = pomodoroUITests;
			sourceTree = "<group>";
		};
		52C2B4A21DECD142001089AE /* pomodoro WatchKit App */ = {
			isa = PBXGroup;
			children = (
				520269721DEDD3AE000394AA /* arc */,
				52C2B4A31DECD142001089AE /* Interface.storyboard */,
				52C2B4A61DECD142001089AE /* Assets.xcassets */,
				52C2B4A81DECD142001089AE /* Info.plist */,
			);
			path = "pomodoro WatchKit App";
			sourceTree = "<group>";
		};
		52C2B4B11DECD143001089AE /* pomodoro WatchKit Extension */ = {
			isa = PBXGroup;
			children = (
				52C2B4B41DECD143001089AE /* PomodoroController.swift */,
				52C2B4B61DECD143001089AE /* ExtensionDelegate.swift */,
				52C2B4B81DECD143001089AE /* NotificationController.swift */,
				52C2B4BA1DECD143001089AE /* Assets.xcassets */,
				52C2B4BC1DECD143001089AE /* Info.plist */,
				52C2B4B21DECD143001089AE /* Supporting Files */,
				5290C78C1DF250AB00BE3F72 /* PomodoroTimer.swift */,
				5290C85A1DF2DCD900BE3F72 /* PomodoroInterfaceGroup.swift */,
			);
			path = "pomodoro WatchKit Extension";
			sourceTree = "<group>";
		};
		52C2B4B21DECD143001089AE /* Supporting Files */ = {
			isa = PBXGroup;
			children = (
				52C2B4B31DECD143001089AE /* PushNotificationPayload.apns */,
			);
			name = "Supporting Files";
			sourceTree = "<group>";
		};
/* End PBXGroup section */

/* Begin PBXNativeTarget section */
		52C2B4751DECD142001089AE /* pomodoro */ = {
			isa = PBXNativeTarget;
			buildConfigurationList = 52C2B4C71DECD143001089AE /* Build configuration list for PBXNativeTarget "pomodoro" */;
			buildPhases = (
				52C2B4721DECD142001089AE /* Sources */,
				52C2B4731DECD142001089AE /* Frameworks */,
				52C2B4741DECD142001089AE /* Resources */,
				52C2B4C61DECD143001089AE /* Embed Watch Content */,
			);
			buildRules = (
			);
			dependencies = (
				52C2B4A11DECD142001089AE /* PBXTargetDependency */,
			);
			name = pomodoro;
			productName = pomodoro;
			productReference = 52C2B4761DECD142001089AE /* pomodoro.app */;
			productType = "com.apple.product-type.application";
		};
		52C2B4891DECD142001089AE /* pomodoroTests */ = {
			isa = PBXNativeTarget;
			buildConfigurationList = 52C2B4CA1DECD143001089AE /* Build configuration list for PBXNativeTarget "pomodoroTests" */;
			buildPhases = (
				52C2B4861DECD142001089AE /* Sources */,
				52C2B4871DECD142001089AE /* Frameworks */,
				52C2B4881DECD142001089AE /* Resources */,
			);
			buildRules = (
			);
			dependencies = (
				52C2B48C1DECD142001089AE /* PBXTargetDependency */,
			);
			name = pomodoroTests;
			productName = pomodoroTests;
			productReference = 52C2B48A1DECD142001089AE /* pomodoroTests.xctest */;
			productType = "com.apple.product-type.bundle.unit-test";
		};
		52C2B4941DECD142001089AE /* pomodoroUITests */ = {
			isa = PBXNativeTarget;
			buildConfigurationList = 52C2B4CD1DECD143001089AE /* Build configuration list for PBXNativeTarget "pomodoroUITests" */;
			buildPhases = (
				52C2B4911DECD142001089AE /* Sources */,
				52C2B4921DECD142001089AE /* Frameworks */,
				52C2B4931DECD142001089AE /* Resources */,
			);
			buildRules = (
			);
			dependencies = (
				52C2B4971DECD142001089AE /* PBXTargetDependency */,
			);
			name = pomodoroUITests;
			productName = pomodoroUITests;
			productReference = 52C2B4951DECD142001089AE /* pomodoroUITests.xctest */;
			productType = "com.apple.product-type.bundle.ui-testing";
		};
		52C2B49D1DECD142001089AE /* pomodoro WatchKit App */ = {
			isa = PBXNativeTarget;
			buildConfigurationList = 52C2B4C31DECD143001089AE /* Build configuration list for PBXNativeTarget "pomodoro WatchKit App" */;
			buildPhases = (
				52C2B49C1DECD142001089AE /* Resources */,
				52C2B4C21DECD143001089AE /* Embed App Extensions */,
			);
			buildRules = (
			);
			dependencies = (
				52C2B4B01DECD143001089AE /* PBXTargetDependency */,
			);
			name = "pomodoro WatchKit App";
			productName = "pomodoro WatchKit App";
			productReference = 52C2B49E1DECD142001089AE /* pomodoro WatchKit App.app */;
			productType = "com.apple.product-type.application.watchapp2";
		};
		52C2B4AC1DECD143001089AE /* pomodoro WatchKit Extension */ = {
			isa = PBXNativeTarget;
			buildConfigurationList = 52C2B4BF1DECD143001089AE /* Build configuration list for PBXNativeTarget "pomodoro WatchKit Extension" */;
			buildPhases = (
				52C2B4A91DECD143001089AE /* Sources */,
				52C2B4AA1DECD143001089AE /* Frameworks */,
				52C2B4AB1DECD143001089AE /* Resources */,
			);
			buildRules = (
			);
			dependencies = (
			);
			name = "pomodoro WatchKit Extension";
			productName = "pomodoro WatchKit Extension";
			productReference = 52C2B4AD1DECD143001089AE /* pomodoro WatchKit Extension.appex */;
			productType = "com.apple.product-type.watchkit2-extension";
		};
/* End PBXNativeTarget section */

/* Begin PBXProject section */
		52C2B46E1DECD142001089AE /* Project object */ = {
			isa = PBXProject;
			attributes = {
				LastSwiftUpdateCheck = 0810;
				LastUpgradeCheck = 0810;
				ORGANIZATIONNAME = MacBookPro;
				TargetAttributes = {
					52C2B4751DECD142001089AE = {
						CreatedOnToolsVersion = 8.1;
						ProvisioningStyle = Automatic;
					};
					52C2B4891DECD142001089AE = {
						CreatedOnToolsVersion = 8.1;
						ProvisioningStyle = Automatic;
						TestTargetID = 52C2B4751DECD142001089AE;
					};
					52C2B4941DECD142001089AE = {
						CreatedOnToolsVersion = 8.1;
						ProvisioningStyle = Automatic;
						TestTargetID = 52C2B4751DECD142001089AE;
					};
					52C2B49D1DECD142001089AE = {
						CreatedOnToolsVersion = 8.1;
						ProvisioningStyle = Automatic;
					};
					52C2B4AC1DECD143001089AE = {
						CreatedOnToolsVersion = 8.1;
						ProvisioningStyle = Automatic;
					};
				};
			};
			buildConfigurationList = 52C2B4711DECD142001089AE /* Build configuration list for PBXProject "pomodoro" */;
			compatibilityVersion = "Xcode 3.2";
			developmentRegion = English;
			hasScannedForEncodings = 0;
			knownRegions = (
				en,
				Base,
			);
			mainGroup = 52C2B46D1DECD142001089AE;
			productRefGroup = 52C2B4771DECD142001089AE /* Products */;
			projectDirPath = "";
			projectRoot = "";
			targets = (
				52C2B4751DECD142001089AE /* pomodoro */,
				52C2B4891DECD142001089AE /* pomodoroTests */,
				52C2B4941DECD142001089AE /* pomodoroUITests */,
				52C2B49D1DECD142001089AE /* pomodoro WatchKit App */,
				52C2B4AC1DECD143001089AE /* pomodoro WatchKit Extension */,
			);
		};
/* End PBXProject section */

/* Begin PBXResourcesBuildPhase section */
		52C2B4741DECD142001089AE /* Resources */ = {
			isa = PBXResourcesBuildPhase;
			buildActionMask = 2147483647;
			files = (
				52C2B4841DECD142001089AE /* LaunchScreen.storyboard in Resources */,
				52C2B4811DECD142001089AE /* Assets.xcassets in Resources */,
				52C2B47F1DECD142001089AE /* Main.storyboard in Resources */,
			);
			runOnlyForDeploymentPostprocessing = 0;
		};
		52C2B4881DECD142001089AE /* Resources */ = {
			isa = PBXResourcesBuildPhase;
			buildActionMask = 2147483647;
			files = (
			);
			runOnlyForDeploymentPostprocessing = 0;
		};
		52C2B4931DECD142001089AE /* Resources */ = {
			isa = PBXResourcesBuildPhase;
			buildActionMask = 2147483647;
			files = (
			);
			runOnlyForDeploymentPostprocessing = 0;
		};
		52C2B49C1DECD142001089AE /* Resources */ = {
			isa = PBXResourcesBuildPhase;
			buildActionMask = 2147483647;
			files = (
				5290C8251DF275BD00BE3F72 /* circle-50.png in Resources */,
				5290C8031DF275BD00BE3F72 /* circle-16.png in Resources */,
				5290C8371DF275BD00BE3F72 /* circle-68.png in Resources */,
				5290C84B1DF275BD00BE3F72 /* circle-88.png in Resources */,
				5290C81D1DF275BD00BE3F72 /* circle-42.png in Resources */,
				5290C8181DF275BD00BE3F72 /* circle-37.png in Resources */,
				5290C82B1DF275BD00BE3F72 /* circle-56.png in Resources */,
				5290C8171DF275BD00BE3F72 /* circle-36.png in Resources */,
				5290C8301DF275BD00BE3F72 /* circle-61.png in Resources */,
				5290C8241DF275BD00BE3F72 /* circle-49.png in Resources */,
				5290C8231DF275BD00BE3F72 /* circle-48.png in Resources */,
				5290C8281DF275BD00BE3F72 /* circle-53.png in Resources */,
				5290C7FB1DF275BD00BE3F72 /* circle-8.png in Resources */,
				5290C8021DF275BD00BE3F72 /* circle-15.png in Resources */,
				5290C83E1DF275BD00BE3F72 /* circle-75.png in Resources */,
				5290C8211DF275BD00BE3F72 /* circle-46.png in Resources */,
				5290C8351DF275BD00BE3F72 /* circle-66.png in Resources */,
				5290C84A1DF275BD00BE3F72 /* circle-87.png in Resources */,
				5290C81E1DF275BD00BE3F72 /* circle-43.png in Resources */,
				5290C83B1DF275BD00BE3F72 /* circle-72.png in Resources */,
				5290C84C1DF275BD00BE3F72 /* circle-89.png in Resources */,
				5290C84E1DF275BD00BE3F72 /* circle-91.png in Resources */,
				5290C80F1DF275BD00BE3F72 /* circle-28.png in Resources */,
				5290C7FF1DF275BD00BE3F72 /* circle-12.png in Resources */,
				5290C80D1DF275BD00BE3F72 /* circle-26.png in Resources */,
				5290C8561DF275BD00BE3F72 /* circle-99.png in Resources */,
				5290C82D1DF275BD00BE3F72 /* circle-58.png in Resources */,
				5290C7F51DF275BD00BE3F72 /* circle-2.png in Resources */,
				5290C8001DF275BD00BE3F72 /* circle-13.png in Resources */,
				5290C8381DF275BD00BE3F72 /* circle-69.png in Resources */,
				5290C7F61DF275BD00BE3F72 /* circle-3.png in Resources */,
				5290C8551DF275BD00BE3F72 /* circle-98.png in Resources */,
				5290C8061DF275BD00BE3F72 /* circle-19.png in Resources */,
				5290C8101DF275BD00BE3F72 /* circle-29.png in Resources */,
				5290C8461DF275BD00BE3F72 /* circle-83.png in Resources */,
				5290C8411DF275BD00BE3F72 /* circle-78.png in Resources */,
				5290C82F1DF275BD00BE3F72 /* circle-60.png in Resources */,
				5290C8221DF275BD00BE3F72 /* circle-47.png in Resources */,
				5290C8451DF275BD00BE3F72 /* circle-82.png in Resources */,
				5290C8011DF275BD00BE3F72 /* circle-14.png in Resources */,
				5290C83D1DF275BD00BE3F72 /* circle-74.png in Resources */,
				5290C8341DF275BD00BE3F72 /* circle-65.png in Resources */,
				5290C7FE1DF275BD00BE3F72 /* circle-11.png in Resources */,
				5290C84D1DF275BD00BE3F72 /* circle-90.png in Resources */,
				5290C83A1DF275BD00BE3F72 /* circle-71.png in Resources */,
				5290C8501DF275BD00BE3F72 /* circle-93.png in Resources */,
				5290C8141DF275BD00BE3F72 /* circle-33.png in Resources */,
				5290C8321DF275BD00BE3F72 /* circle-63.png in Resources */,
				5290C8081DF275BD00BE3F72 /* circle-21.png in Resources */,
				5290C83F1DF275BD00BE3F72 /* circle-76.png in Resources */,
				52C2B4A71DECD142001089AE /* Assets.xcassets in Resources */,
				5290C8421DF275BD00BE3F72 /* circle-79.png in Resources */,
				5290C8051DF275BD00BE3F72 /* circle-18.png in Resources */,
				5290C8271DF275BD00BE3F72 /* circle-52.png in Resources */,
				5290C8291DF275BD00BE3F72 /* circle-54.png in Resources */,
				5290C8391DF275BD00BE3F72 /* circle-70.png in Resources */,
				5290C8571DF275BD00BE3F72 /* circle-100.png in Resources */,
				5290C8361DF275BD00BE3F72 /* circle-67.png in Resources */,
				5290C81A1DF275BD00BE3F72 /* circle-39.png in Resources */,
				5290C82C1DF275BD00BE3F72 /* circle-57.png in Resources */,
				5290C84F1DF275BD00BE3F72 /* circle-92.png in Resources */,
				5290C7F81DF275BD00BE3F72 /* circle-5.png in Resources */,
				5290C8311DF275BD00BE3F72 /* circle-62.png in Resources */,
				5290C82A1DF275BD00BE3F72 /* circle-55.png in Resources */,
				5290C8441DF275BD00BE3F72 /* circle-81.png in Resources */,
				5290C8041DF275BD00BE3F72 /* circle-17.png in Resources */,
				5290C8431DF275BD00BE3F72 /* circle-80.png in Resources */,
				5290C80E1DF275BD00BE3F72 /* circle-27.png in Resources */,
				5290C8471DF275BD00BE3F72 /* circle-84.png in Resources */,
				5290C7F31DF275BD00BE3F72 /* circle-0.png in Resources */,
				5290C8531DF275BD00BE3F72 /* circle-96.png in Resources */,
				5290C8511DF275BD00BE3F72 /* circle-94.png in Resources */,
				5290C81C1DF275BD00BE3F72 /* circle-41.png in Resources */,
				5290C8091DF275BD00BE3F72 /* circle-22.png in Resources */,
				5290C7FA1DF275BD00BE3F72 /* circle-7.png in Resources */,
				5290C82E1DF275BD00BE3F72 /* circle-59.png in Resources */,
				5290C8111DF275BD00BE3F72 /* circle-30.png in Resources */,
				5290C80C1DF275BD00BE3F72 /* circle-25.png in Resources */,
				5290C7FC1DF275BD00BE3F72 /* circle-9.png in Resources */,
				5290C7FD1DF275BD00BE3F72 /* circle-10.png in Resources */,
				5290C8401DF275BD00BE3F72 /* circle-77.png in Resources */,
				5290C8331DF275BD00BE3F72 /* circle-64.png in Resources */,
				5290C8151DF275BD00BE3F72 /* circle-34.png in Resources */,
				5290C81F1DF275BD00BE3F72 /* circle-44.png in Resources */,
				5290C83C1DF275BD00BE3F72 /* circle-73.png in Resources */,
				5290C8131DF275BD00BE3F72 /* circle-32.png in Resources */,
				5290C7F71DF275BD00BE3F72 /* circle-4.png in Resources */,
				5290C8191DF275BD00BE3F72 /* circle-38.png in Resources */,
				5290C8481DF275BD00BE3F72 /* circle-85.png in Resources */,
				5290C8261DF275BD00BE3F72 /* circle-51.png in Resources */,
				5290C8121DF275BD00BE3F72 /* circle-31.png in Resources */,
				52C2B4A51DECD142001089AE /* Interface.storyboard in Resources */,
				5290C8201DF275BD00BE3F72 /* circle-45.png in Resources */,
				5290C8491DF275BD00BE3F72 /* circle-86.png in Resources */,
				5290C8541DF275BD00BE3F72 /* circle-97.png in Resources */,
				5290C7F91DF275BD00BE3F72 /* circle-6.png in Resources */,
				5290C8161DF275BD00BE3F72 /* circle-35.png in Resources */,
				5290C7F41DF275BD00BE3F72 /* circle-1.png in Resources */,
				5290C80A1DF275BD00BE3F72 /* circle-23.png in Resources */,
				5290C80B1DF275BD00BE3F72 /* circle-24.png in Resources */,
				5290C8521DF275BD00BE3F72 /* circle-95.png in Resources */,
				5290C81B1DF275BD00BE3F72 /* circle-40.png in Resources */,
				5290C8071DF275BD00BE3F72 /* circle-20.png in Resources */,
			);
			runOnlyForDeploymentPostprocessing = 0;
		};
		52C2B4AB1DECD143001089AE /* Resources */ = {
			isa = PBXResourcesBuildPhase;
			buildActionMask = 2147483647;
			files = (
				52C2B4BB1DECD143001089AE /* Assets.xcassets in Resources */,
			);
			runOnlyForDeploymentPostprocessing = 0;
		};
/* End PBXResourcesBuildPhase section */

/* Begin PBXSourcesBuildPhase section */
		52C2B4721DECD142001089AE /* Sources */ = {
			isa = PBXSourcesBuildPhase;
			buildActionMask = 2147483647;
			files = (
				52C2B47C1DECD142001089AE /* ViewController.swift in Sources */,
				52C2B47A1DECD142001089AE /* AppDelegate.swift in Sources */,
			);
			runOnlyForDeploymentPostprocessing = 0;
		};
		52C2B4861DECD142001089AE /* Sources */ = {
			isa = PBXSourcesBuildPhase;
			buildActionMask = 2147483647;
			files = (
				52C2B48F1DECD142001089AE /* pomodoroTests.swift in Sources */,
			);
			runOnlyForDeploymentPostprocessing = 0;
		};
		52C2B4911DECD142001089AE /* Sources */ = {
			isa = PBXSourcesBuildPhase;
			buildActionMask = 2147483647;
			files = (
				52C2B49A1DECD142001089AE /* pomodoroUITests.swift in Sources */,
			);
			runOnlyForDeploymentPostprocessing = 0;
		};
		52C2B4A91DECD143001089AE /* Sources */ = {
			isa = PBXSourcesBuildPhase;
			buildActionMask = 2147483647;
			files = (
				52C2B4B91DECD143001089AE /* NotificationController.swift in Sources */,
				52C2B4B71DECD143001089AE /* ExtensionDelegate.swift in Sources */,
				5290C85B1DF2DCD900BE3F72 /* PomodoroInterfaceGroup.swift in Sources */,
				5290C78D1DF250AB00BE3F72 /* PomodoroTimer.swift in Sources */,
				52C2B4B51DECD143001089AE /* PomodoroController.swift in Sources */,
			);
			runOnlyForDeploymentPostprocessing = 0;
		};
/* End PBXSourcesBuildPhase section */

/* Begin PBXTargetDependency section */
		52C2B48C1DECD142001089AE /* PBXTargetDependency */ = {
			isa = PBXTargetDependency;
			target = 52C2B4751DECD142001089AE /* pomodoro */;
			targetProxy = 52C2B48B1DECD142001089AE /* PBXContainerItemProxy */;
		};
		52C2B4971DECD142001089AE /* PBXTargetDependency */ = {
			isa = PBXTargetDependency;
			target = 52C2B4751DECD142001089AE /* pomodoro */;
			targetProxy = 52C2B4961DECD142001089AE /* PBXContainerItemProxy */;
		};
		52C2B4A11DECD142001089AE /* PBXTargetDependency */ = {
			isa = PBXTargetDependency;
			target = 52C2B49D1DECD142001089AE /* pomodoro WatchKit App */;
			targetProxy = 52C2B4A01DECD142001089AE /* PBXContainerItemProxy */;
		};
		52C2B4B01DECD143001089AE /* PBXTargetDependency */ = {
			isa = PBXTargetDependency;
			target = 52C2B4AC1DECD143001089AE /* pomodoro WatchKit Extension */;
			targetProxy = 52C2B4AF1DECD143001089AE /* PBXContainerItemProxy */;
		};
/* End PBXTargetDependency section */

/* Begin PBXVariantGroup section */
		52C2B47D1DECD142001089AE /* Main.storyboard */ = {
			isa = PBXVariantGroup;
			children = (
				52C2B47E1DECD142001089AE /* Base */,
			);
			name = Main.storyboard;
			sourceTree = "<group>";
		};
		52C2B4821DECD142001089AE /* LaunchScreen.storyboard */ = {
			isa = PBXVariantGroup;
			children = (
				52C2B4831DECD142001089AE /* Base */,
			);
			name = LaunchScreen.storyboard;
			sourceTree = "<group>";
		};
		52C2B4A31DECD142001089AE /* Interface.storyboard */ = {
			isa = PBXVariantGroup;
			children = (
				52C2B4A41DECD142001089AE /* Base */,
			);
			name = Interface.storyboard;
			sourceTree = "<group>";
		};
/* End PBXVariantGroup section */

/* Begin XCBuildConfiguration section */
		52C2B4BD1DECD143001089AE /* Debug */ = {
			isa = XCBuildConfiguration;
			buildSettings = {
				ALWAYS_SEARCH_USER_PATHS = NO;
				CLANG_ANALYZER_NONNULL = YES;
				CLANG_CXX_LANGUAGE_STANDARD = "gnu++0x";
				CLANG_CXX_LIBRARY = "libc++";
				CLANG_ENABLE_MODULES = YES;
				CLANG_ENABLE_OBJC_ARC = YES;
				CLANG_WARN_BOOL_CONVERSION = YES;
				CLANG_WARN_CONSTANT_CONVERSION = YES;
				CLANG_WARN_DIRECT_OBJC_ISA_USAGE = YES_ERROR;
				CLANG_WARN_DOCUMENTATION_COMMENTS = YES;
				CLANG_WARN_EMPTY_BODY = YES;
				CLANG_WARN_ENUM_CONVERSION = YES;
				CLANG_WARN_INFINITE_RECURSION = YES;
				CLANG_WARN_INT_CONVERSION = YES;
				CLANG_WARN_OBJC_ROOT_CLASS = YES_ERROR;
				CLANG_WARN_SUSPICIOUS_MOVES = YES;
				CLANG_WARN_UNREACHABLE_CODE = YES;
				CLANG_WARN__DUPLICATE_METHOD_MATCH = YES;
				"CODE_SIGN_IDENTITY[sdk=iphoneos*]" = "iPhone Developer";
				COPY_PHASE_STRIP = NO;
				DEBUG_INFORMATION_FORMAT = dwarf;
				ENABLE_STRICT_OBJC_MSGSEND = YES;
				ENABLE_TESTABILITY = YES;
				GCC_C_LANGUAGE_STANDARD = gnu99;
				GCC_DYNAMIC_NO_PIC = NO;
				GCC_NO_COMMON_BLOCKS = YES;
				GCC_OPTIMIZATION_LEVEL = 0;
				GCC_PREPROCESSOR_DEFINITIONS = (
					"DEBUG=1",
					"$(inherited)",
				);
				GCC_WARN_64_TO_32_BIT_CONVERSION = YES;
				GCC_WARN_ABOUT_RETURN_TYPE = YES_ERROR;
				GCC_WARN_UNDECLARED_SELECTOR = YES;
				GCC_WARN_UNINITIALIZED_AUTOS = YES_AGGRESSIVE;
				GCC_WARN_UNUSED_FUNCTION = YES;
				GCC_WARN_UNUSED_VARIABLE = YES;
				IPHONEOS_DEPLOYMENT_TARGET = 10.1;
				MTL_ENABLE_DEBUG_INFO = YES;
				ONLY_ACTIVE_ARCH = YES;
				SDKROOT = iphoneos;
				SWIFT_ACTIVE_COMPILATION_CONDITIONS = DEBUG;
				SWIFT_OPTIMIZATION_LEVEL = "-Onone";
				TARGETED_DEVICE_FAMILY = "1,2";
			};
			name = Debug;
		};
		52C2B4BE1DECD143001089AE /* Release */ = {
			isa = XCBuildConfiguration;
			buildSettings = {
				ALWAYS_SEARCH_USER_PATHS = NO;
				CLANG_ANALYZER_NONNULL = YES;
				CLANG_CXX_LANGUAGE_STANDARD = "gnu++0x";
				CLANG_CXX_LIBRARY = "libc++";
				CLANG_ENABLE_MODULES = YES;
				CLANG_ENABLE_OBJC_ARC = YES;
				CLANG_WARN_BOOL_CONVERSION = YES;
				CLANG_WARN_CONSTANT_CONVERSION = YES;
				CLANG_WARN_DIRECT_OBJC_ISA_USAGE = YES_ERROR;
				CLANG_WARN_DOCUMENTATION_COMMENTS = YES;
				CLANG_WARN_EMPTY_BODY = YES;
				CLANG_WARN_ENUM_CONVERSION = YES;
				CLANG_WARN_INFINITE_RECURSION = YES;
				CLANG_WARN_INT_CONVERSION = YES;
				CLANG_WARN_OBJC_ROOT_CLASS = YES_ERROR;
				CLANG_WARN_SUSPICIOUS_MOVES = YES;
				CLANG_WARN_UNREACHABLE_CODE = YES;
				CLANG_WARN__DUPLICATE_METHOD_MATCH = YES;
				"CODE_SIGN_IDENTITY[sdk=iphoneos*]" = "iPhone Developer";
				COPY_PHASE_STRIP = NO;
				DEBUG_INFORMATION_FORMAT = "dwarf-with-dsym";
				ENABLE_NS_ASSERTIONS = NO;
				ENABLE_STRICT_OBJC_MSGSEND = YES;
				GCC_C_LANGUAGE_STANDARD = gnu99;
				GCC_NO_COMMON_BLOCKS = YES;
				GCC_WARN_64_TO_32_BIT_CONVERSION = YES;
				GCC_WARN_ABOUT_RETURN_TYPE = YES_ERROR;
				GCC_WARN_UNDECLARED_SELECTOR = YES;
				GCC_WARN_UNINITIALIZED_AUTOS = YES_AGGRESSIVE;
				GCC_WARN_UNUSED_FUNCTION = YES;
				GCC_WARN_UNUSED_VARIABLE = YES;
				IPHONEOS_DEPLOYMENT_TARGET = 10.1;
				MTL_ENABLE_DEBUG_INFO = NO;
				SDKROOT = iphoneos;
				SWIFT_OPTIMIZATION_LEVEL = "-Owholemodule";
				TARGETED_DEVICE_FAMILY = "1,2";
				VALIDATE_PRODUCT = YES;
			};
			name = Release;
		};
		52C2B4C01DECD143001089AE /* Debug */ = {
			isa = XCBuildConfiguration;
			buildSettings = {
				ASSETCATALOG_COMPILER_COMPLICATION_NAME = Complication;
				INFOPLIST_FILE = "pomodoro WatchKit Extension/Info.plist";
				LD_RUNPATH_SEARCH_PATHS = "$(inherited) @executable_path/Frameworks @executable_path/../../Frameworks";
				PRODUCT_BUNDLE_IDENTIFIER = com.baulen.pomodoro.watchkitapp.watchkitextension;
				PRODUCT_NAME = "${TARGET_NAME}";
				SDKROOT = watchos;
				SKIP_INSTALL = YES;
				SWIFT_VERSION = 3.0;
				TARGETED_DEVICE_FAMILY = 4;
				WATCHOS_DEPLOYMENT_TARGET = 3.1;
			};
			name = Debug;
		};
		52C2B4C11DECD143001089AE /* Release */ = {
			isa = XCBuildConfiguration;
			buildSettings = {
				ASSETCATALOG_COMPILER_COMPLICATION_NAME = Complication;
				INFOPLIST_FILE = "pomodoro WatchKit Extension/Info.plist";
				LD_RUNPATH_SEARCH_PATHS = "$(inherited) @executable_path/Frameworks @executable_path/../../Frameworks";
				PRODUCT_BUNDLE_IDENTIFIER = com.baulen.pomodoro.watchkitapp.watchkitextension;
				PRODUCT_NAME = "${TARGET_NAME}";
				SDKROOT = watchos;
				SKIP_INSTALL = YES;
				SWIFT_VERSION = 3.0;
				TARGETED_DEVICE_FAMILY = 4;
				WATCHOS_DEPLOYMENT_TARGET = 3.1;
			};
			name = Release;
		};
		52C2B4C41DECD143001089AE /* Debug */ = {
			isa = XCBuildConfiguration;
			buildSettings = {
				ALWAYS_EMBED_SWIFT_STANDARD_LIBRARIES = YES;
				ASSETCATALOG_COMPILER_APPICON_NAME = AppIcon;
				IBSC_MODULE = pomodoro_WatchKit_Extension;
				INFOPLIST_FILE = "pomodoro WatchKit App/Info.plist";
				PRODUCT_BUNDLE_IDENTIFIER = com.baulen.pomodoro.watchkitapp;
				PRODUCT_NAME = "$(TARGET_NAME)";
				SDKROOT = watchos;
				SKIP_INSTALL = YES;
				SWIFT_VERSION = 3.0;
				TARGETED_DEVICE_FAMILY = 4;
				WATCHOS_DEPLOYMENT_TARGET = 3.1;
			};
			name = Debug;
		};
		52C2B4C51DECD143001089AE /* Release */ = {
			isa = XCBuildConfiguration;
			buildSettings = {
				ALWAYS_EMBED_SWIFT_STANDARD_LIBRARIES = YES;
				ASSETCATALOG_COMPILER_APPICON_NAME = AppIcon;
				IBSC_MODULE = pomodoro_WatchKit_Extension;
				INFOPLIST_FILE = "pomodoro WatchKit App/Info.plist";
				PRODUCT_BUNDLE_IDENTIFIER = com.baulen.pomodoro.watchkitapp;
				PRODUCT_NAME = "$(TARGET_NAME)";
				SDKROOT = watchos;
				SKIP_INSTALL = YES;
				SWIFT_VERSION = 3.0;
				TARGETED_DEVICE_FAMILY = 4;
				WATCHOS_DEPLOYMENT_TARGET = 3.1;
			};
			name = Release;
		};
		52C2B4C81DECD143001089AE /* Debug */ = {
			isa = XCBuildConfiguration;
			buildSettings = {
				ASSETCATALOG_COMPILER_APPICON_NAME = AppIcon;
				INFOPLIST_FILE = pomodoro/Info.plist;
				LD_RUNPATH_SEARCH_PATHS = "$(inherited) @executable_path/Frameworks";
				PRODUCT_BUNDLE_IDENTIFIER = com.baulen.pomodoro;
				PRODUCT_NAME = "$(TARGET_NAME)";
				SWIFT_VERSION = 3.0;
			};
			name = Debug;
		};
		52C2B4C91DECD143001089AE /* Release */ = {
			isa = XCBuildConfiguration;
			buildSettings = {
				ASSETCATALOG_COMPILER_APPICON_NAME = AppIcon;
				INFOPLIST_FILE = pomodoro/Info.plist;
				LD_RUNPATH_SEARCH_PATHS = "$(inherited) @executable_path/Frameworks";
				PRODUCT_BUNDLE_IDENTIFIER = com.baulen.pomodoro;
				PRODUCT_NAME = "$(TARGET_NAME)";
				SWIFT_VERSION = 3.0;
			};
			name = Release;
		};
		52C2B4CB1DECD143001089AE /* Debug */ = {
			isa = XCBuildConfiguration;
			buildSettings = {
				ALWAYS_EMBED_SWIFT_STANDARD_LIBRARIES = YES;
				BUNDLE_LOADER = "$(TEST_HOST)";
				INFOPLIST_FILE = pomodoroTests/Info.plist;
				LD_RUNPATH_SEARCH_PATHS = "$(inherited) @executable_path/Frameworks @loader_path/Frameworks";
				PRODUCT_BUNDLE_IDENTIFIER = com.baulen.pomodoroTests;
				PRODUCT_NAME = "$(TARGET_NAME)";
				SWIFT_VERSION = 3.0;
				TEST_HOST = "$(BUILT_PRODUCTS_DIR)/pomodoro.app/pomodoro";
			};
			name = Debug;
		};
		52C2B4CC1DECD143001089AE /* Release */ = {
			isa = XCBuildConfiguration;
			buildSettings = {
				ALWAYS_EMBED_SWIFT_STANDARD_LIBRARIES = YES;
				BUNDLE_LOADER = "$(TEST_HOST)";
				INFOPLIST_FILE = pomodoroTests/Info.plist;
				LD_RUNPATH_SEARCH_PATHS = "$(inherited) @executable_path/Frameworks @loader_path/Frameworks";
				PRODUCT_BUNDLE_IDENTIFIER = com.baulen.pomodoroTests;
				PRODUCT_NAME = "$(TARGET_NAME)";
				SWIFT_VERSION = 3.0;
				TEST_HOST = "$(BUILT_PRODUCTS_DIR)/pomodoro.app/pomodoro";
			};
			name = Release;
		};
		52C2B4CE1DECD143001089AE /* Debug */ = {
			isa = XCBuildConfiguration;
			buildSettings = {
				ALWAYS_EMBED_SWIFT_STANDARD_LIBRARIES = YES;
				INFOPLIST_FILE = pomodoroUITests/Info.plist;
				LD_RUNPATH_SEARCH_PATHS = "$(inherited) @executable_path/Frameworks @loader_path/Frameworks";
				PRODUCT_BUNDLE_IDENTIFIER = com.baulen.pomodoroUITests;
				PRODUCT_NAME = "$(TARGET_NAME)";
				SWIFT_VERSION = 3.0;
				TEST_TARGET_NAME = pomodoro;
			};
			name = Debug;
		};
		52C2B4CF1DECD143001089AE /* Release */ = {
			isa = XCBuildConfiguration;
			buildSettings = {
				ALWAYS_EMBED_SWIFT_STANDARD_LIBRARIES = YES;
				INFOPLIST_FILE = pomodoroUITests/Info.plist;
				LD_RUNPATH_SEARCH_PATHS = "$(inherited) @executable_path/Frameworks @loader_path/Frameworks";
				PRODUCT_BUNDLE_IDENTIFIER = com.baulen.pomodoroUITests;
				PRODUCT_NAME = "$(TARGET_NAME)";
				SWIFT_VERSION = 3.0;
				TEST_TARGET_NAME = pomodoro;
			};
			name = Release;
		};
/* End XCBuildConfiguration section */

/* Begin XCConfigurationList section */
		52C2B4711DECD142001089AE /* Build configuration list for PBXProject "pomodoro" */ = {
			isa = XCConfigurationList;
			buildConfigurations = (
				52C2B4BD1DECD143001089AE /* Debug */,
				52C2B4BE1DECD143001089AE /* Release */,
			);
			defaultConfigurationIsVisible = 0;
			defaultConfigurationName = Release;
		};
		52C2B4BF1DECD143001089AE /* Build configuration list for PBXNativeTarget "pomodoro WatchKit Extension" */ = {
			isa = XCConfigurationList;
			buildConfigurations = (
				52C2B4C01DECD143001089AE /* Debug */,
				52C2B4C11DECD143001089AE /* Release */,
			);
			defaultConfigurationIsVisible = 0;
			defaultConfigurationName = Release;
		};
		52C2B4C31DECD143001089AE /* Build configuration list for PBXNativeTarget "pomodoro WatchKit App" */ = {
			isa = XCConfigurationList;
			buildConfigurations = (
				52C2B4C41DECD143001089AE /* Debug */,
				52C2B4C51DECD143001089AE /* Release */,
			);
			defaultConfigurationIsVisible = 0;
			defaultConfigurationName = Release;
		};
		52C2B4C71DECD143001089AE /* Build configuration list for PBXNativeTarget "pomodoro" */ = {
			isa = XCConfigurationList;
			buildConfigurations = (
				52C2B4C81DECD143001089AE /* Debug */,
				52C2B4C91DECD143001089AE /* Release */,
			);
			defaultConfigurationIsVisible = 0;
			defaultConfigurationName = Release;
		};
		52C2B4CA1DECD143001089AE /* Build configuration list for PBXNativeTarget "pomodoroTests" */ = {
			isa = XCConfigurationList;
			buildConfigurations = (
				52C2B4CB1DECD143001089AE /* Debug */,
				52C2B4CC1DECD143001089AE /* Release */,
			);
			defaultConfigurationIsVisible = 0;
			defaultConfigurationName = Release;
		};
		52C2B4CD1DECD143001089AE /* Build configuration list for PBXNativeTarget "pomodoroUITests" */ = {
			isa = XCConfigurationList;
			buildConfigurations = (
				52C2B4CE1DECD143001089AE /* Debug */,
				52C2B4CF1DECD143001089AE /* Release */,
			);
			defaultConfigurationIsVisible = 0;
			defaultConfigurationName = Release;
		};
/* End XCConfigurationList section */
	};
	rootObject = 52C2B46E1DECD142001089AE /* Project object */;
}
